schema: '2.0'
stages:
  load_data:
    cmd: python src/load_data.py --config=params.yaml
    deps:
    - path: data_given/Admission_Prediction.csv
      md5: eaaed7f53b5ef73c9af8e05babc19feb
      size: 16085
    - path: src/get_data.py
      md5: aef78e3e374c4df144c02c59c269f4c5
      size: 614
    - path: src/load_data.py
      md5: baae6393a79ab024b149a15350e01b03
      size: 613
    outs:
    - path: data/raw/Admission_Prediction.csv
      md5: 1f034b82d2bbc5302aa8a75b3e2f028d
      size: 20135
  split_data:
    cmd: python src/split_data.py --config=params.yaml
    deps:
    - path: data/preprocessing/Admission_Prediction.csv
      md5: b9abb2ab288b8cee3564258e7af50675
      size: 18727
    - path: src/split_data.py
      md5: f740c937a466435f7376b7c024a9dc27
      size: 1067
    outs:
    - path: data/processed/test_Admission_Prediction.csv
      md5: 6c9dc7a22c7183a4c75aa49a1532ed5f
      size: 3845
    - path: data/processed/train_Admission_Prediction.csv
      md5: 34d87e832f0e01a42e4c94c113985299
      size: 14951
  process_data:
    cmd: python src/pre_process_data.py --config=params.yaml
    deps:
    - path: data/raw/Admission_Prediction.csv
      md5: 1f034b82d2bbc5302aa8a75b3e2f028d
      size: 20135
    - path: src/get_data.py
      md5: aef78e3e374c4df144c02c59c269f4c5
      size: 614
    - path: src/pre_process_data.py
      md5: bce9150e39abaf5e9407d09af4c673c7
      size: 1053
    outs:
    - path: data/preprocessing/Admission_Prediction.csv
      md5: b9abb2ab288b8cee3564258e7af50675
      size: 18727
  train_and_evaluate:
    cmd: python src/train_and_evaluate.py --config=params.yaml
    deps:
    - path: data/processed/test_Admission_Prediction.csv
      md5: 6c9dc7a22c7183a4c75aa49a1532ed5f
      size: 3845
    - path: data/processed/train_Admission_Prediction.csv
      md5: 34d87e832f0e01a42e4c94c113985299
      size: 14951
    - path: src/train_and_evaluate.py
      md5: 889393a050fd22f134c744ade7d6a536
      size: 3726
    params:
      params.yaml:
        estimators.ElasticNet.params.alpha: 0.5
        estimators.ElasticNet.params.l1_ratio: 0.5
